# This file was autogenerated by Stack.
# You should not edit this file by hand.
# For more information, please see the documentation at:
#   https://docs.haskellstack.org/en/stable/lock_files

packages:
- completed:
    hackage: polysemy-1.2.0.0@sha256:9313315be0746936c65bc02a5b9bc2abd3bd02bcef9329db272a991939e5b037,5776
    pantry-tree:
      size: 3622
      sha256: d7b017cc60394fd87330c577e8c8e48e0fcff3f72cb6c518a20a7fd5cfc8ddab
  original:
    hackage: polysemy-1.2.0.0
- completed:
    hackage: polysemy-plugin-0.2.1.0@sha256:db5aa30eb9610c6c7aca782f68a128fef4656c867ed29ad328eb1322d8d9b414,2516
    pantry-tree:
      size: 972
      sha256: c14ec1162553bd1f74ad9f4282ebf7f549e77afc7df34dc8081a2bbb4d478f01
  original:
    hackage: polysemy-plugin-0.2.1.0
snapshots:
- completed:
    size: 523443
    url: https://raw.githubusercontent.com/commercialhaskell/stackage-snapshots/master/lts/14/0.yaml
    sha256: 283773e7120f5446d961eab35ea95c9af9c24187cc178537bd29273200a05171
  original: lts-14.0
