# This file was autogenerated by Stack.
# You should not edit this file by hand.
# For more information, please see the documentation at:
#   https://docs.haskellstack.org/en/stable/lock_files

packages:
- completed:
    hackage: polysemy-0.5.1.0@sha256:13c2e38af018294532325a0323915c599a3dc8d022b201df819682094411d57a,4929
    pantry-tree:
      size: 2838
      sha256: 120b91ce637b30870b3c9e092d68ecd7e8443d735d50912f5564f71c4ce9c8e1
  original:
    hackage: polysemy-0.5.1.0
- completed:
    hackage: polysemy-plugin-0.2.1.0@sha256:db5aa30eb9610c6c7aca782f68a128fef4656c867ed29ad328eb1322d8d9b414,2516
    pantry-tree:
      size: 972
      sha256: c14ec1162553bd1f74ad9f4282ebf7f549e77afc7df34dc8081a2bbb4d478f01
  original:
    hackage: polysemy-plugin-0.2.1.0
- completed:
    hackage: th-abstraction-0.3.1.0@sha256:96042f6658f2dccfac03b33f0fd59f62b1f65b9b0a765d8a2ea6026f4081ee4a,1838
    pantry-tree:
      size: 583
      sha256: ea48e150478824f88e1e8fc6baa4d23ee3cc1243ab2894dded8d61c9eaaa80ce
  original:
    hackage: th-abstraction-0.3.1.0
- completed:
    hackage: bifunctors-5.5.4@sha256:7240cda20b6b51e18d679691fab27784a56fc075cf71927070850f2960171017,3313
    pantry-tree:
      size: 1620
      sha256: f103d638e096ace87e5db5f0f4562be7563002fe61eb1390377f8af03518e81d
  original:
    hackage: bifunctors-5.5.4
- completed:
    hackage: first-class-families-0.5.0.0@sha256:6e1488c502d5b1e780739a53edab65a307c6bf94d4232fab70e696e87f0fa087,1290
    pantry-tree:
      size: 847
      sha256: 9289ea3bef39f4aae774cfe466810ee55989b1ef58de33a7c9668df8b0657b1d
  original:
    hackage: first-class-families-0.5.0.0
- completed:
    hackage: unagi-chan-0.4.1.0@sha256:2fe7e9e4fd4bda0e42762824ecd9059f20069939774406ddd54f9989b47b3e1a,8653
    pantry-tree:
      size: 2286
      sha256: 1ad7dc27bf42375ffede50d01d4e00189aa427c51ccd117049759c867401bc0c
  original:
    hackage: unagi-chan-0.4.1.0
snapshots:
- completed:
    size: 491155
    url: https://raw.githubusercontent.com/commercialhaskell/stackage-snapshots/master/lts/13/0.yaml
    sha256: 8d3c33e0feab8e04b9ed31452e0219a2b827ed1338c809f79d986c71a177e6ba
  original: lts-13.0
