# This file was autogenerated by Stack.
# You should not edit this file by hand.
# For more information, please see the documentation at:
#   https://docs.haskellstack.org/en/stable/lock_files

packages:
- completed:
    hackage: polysemy-1.2.3.0@sha256:2345b6b76adc8f91fc88251129deff584cebcd07e952dd66aa512c69949df537,6097
    pantry-tree:
      size: 3625
      sha256: 8d327bc0dcb178112b933626a33200e8714712a77eb348271fdfbdd326b03fec
  original:
    hackage: polysemy-1.2.3.0
snapshots:
- completed:
    size: 524799
    url: https://raw.githubusercontent.com/commercialhaskell/stackage-snapshots/master/lts/14/17.yaml
    sha256: 1d72b33c0fc048e23f4f18fd76a6ad79dd1d8a3c054644098a71a09855e40c7c
  original: lts-14.17
